
Microsoft Visual Studio Solution File, Format Version 12.00
# Visual Studio 15
VisualStudioVersion = 15.0.28307.1340
MinimumVisualStudioVersion = 10.0.40219.1
Project("{8BC9CEB8-8B4A-11D0-8D11-00A0C91BC942}") = "hello", "hello\hello.vcxproj", "{5EFA8C05-7709-41CA-A321-8641F4226A2B}"
EndProject
Global
	GlobalSection(SolutionConfigurationPlatforms) = preSolution
		Debug|x64 = Debug|x64
		Debug|x86 = Debug|x86
		Release|x64 = Release|x64
		Release|x86 = Release|x86
	EndGlobalSection
	GlobalSection(ProjectConfigurationPlatforms) = postSolution
		{5EFA8C05-7709-41CA-A321-8641F4226A2B}.Debug|x64.ActiveCfg = Debug|x64
		{5EFA8C05-7709-41CA-A321-8641F4226A2B}.Debug|x64.Build.0 = Debug|x64
		{5EFA8C05-7709-41CA-A321-8641F4226A2B}.Debug|x86.ActiveCfg = Debug|Win32
		{5EFA8C05-7709-41CA-A321-8641F4226A2B}.Debug|x86.Build.0 = Debug|Win32
		{5EFA8C05-7709-41CA-A321-8641F4226A2B}.Release|x64.ActiveCfg = Release|x64
		{5EFA8C05-7709-41CA-A321-8641F4226A2B}.Release|x64.Build.0 = Release|x64
		{5EFA8C05-7709-41CA-A321-8641F4226A2B}.Release|x86.ActiveCfg = Release|Win32
		{5EFA8C05-7709-41CA-A321-8641F4226A2B}.Release|x86.Build.0 = Release|Win32
	EndGlobalSection
	GlobalSection(SolutionProperties) = preSolution
		HideSolutionNode = FALSE
	EndGlobalSection
	GlobalSection(ExtensibilityGlobals) = postSolution
		SolutionGuid = {B277D5FB-8FF3-4BDC-A865-6F7951249E24}
	EndGlobalSection
EndGlobal
